
Microsoft Visual Studio Solution File, Format Version 12.00
# Visual Studio 15
VisualStudioVersion = 15.0.28307.168
MinimumVisualStudioVersion = 10.0.40219.1
Project("{E24C65DC-7377-472B-9ABA-BC803B73C61A}") = "1801285 Gemma Dunlop Web Technologies 1", ".", "{151DA7A8-6F40-4EC2-BFD8-202C5503A2D4}"
	ProjectSection(WebsiteProperties) = preProject
		TargetFrameworkMoniker = ".NETFramework,Version%3Dv4.0"
		Debug.AspNetCompiler.VirtualPath = "/localhost_4306"
		Debug.AspNetCompiler.PhysicalPath = "E:\Uni\Year 2\Web Technologies\1801285 Gemma Dunlop Web Technologies 1\"
		Debug.AspNetCompiler.TargetPath = "PrecompiledWeb\localhost_4306\"
		Debug.AspNetCompiler.Updateable = "true"
		Debug.AspNetCompiler.ForceOverwrite = "true"
		Debug.AspNetCompiler.FixedNames = "false"
		Debug.AspNetCompiler.Debug = "True"
		Release.AspNetCompiler.VirtualPath = "/localhost_4306"
		Release.AspNetCompiler.PhysicalPath = "E:\Uni\Year 2\Web Technologies\1801285 Gemma Dunlop Web Technologies 1\"
		Release.AspNetCompiler.TargetPath = "PrecompiledWeb\localhost_4306\"
		Release.AspNetCompiler.Updateable = "true"
		Release.AspNetCompiler.ForceOverwrite = "true"
		Release.AspNetCompiler.FixedNames = "false"
		Release.AspNetCompiler.Debug = "False"
		VWDPort = "4306"
	EndProjectSection
EndProject
Global
	GlobalSection(SolutionConfigurationPlatforms) = preSolution
		Debug|Any CPU = Debug|Any CPU
	EndGlobalSection
	GlobalSection(ProjectConfigurationPlatforms) = postSolution
		{151DA7A8-6F40-4EC2-BFD8-202C5503A2D4}.Debug|Any CPU.ActiveCfg = Debug|Any CPU
		{151DA7A8-6F40-4EC2-BFD8-202C5503A2D4}.Debug|Any CPU.Build.0 = Debug|Any CPU
	EndGlobalSection
	GlobalSection(SolutionProperties) = preSolution
		HideSolutionNode = FALSE
	EndGlobalSection
	GlobalSection(ExtensibilityGlobals) = postSolution
		SolutionGuid = {9263122C-0EF6-43FD-A8DF-6FF6B31B0A68}
	EndGlobalSection
EndGlobal
